// !$*UTF8*$!
{
	archiveVersion = 1;
	classes = {
	};
	objectVersion = 46;
	objects = {

/* Begin PBXBuildFile section */
		EB1BB98A1C83A41700C873EE /* AppDelegate.swift in Sources */ = {isa = PBXBuildFile; fileRef = EB1BB9891C83A41700C873EE /* AppDelegate.swift */; };
		EB1BB98C1C83A41700C873EE /* ViewController.swift in Sources */ = {isa = PBXBuildFile; fileRef = EB1BB98B1C83A41700C873EE /* ViewController.swift */; };
		EB1BB98F1C83A41700C873EE /* Main.storyboard in Resources */ = {isa = PBXBuildFile; fileRef = EB1BB98D1C83A41700C873EE /* Main.storyboard */; };
		EB1BB9911C83A41700C873EE /* Assets.xcassets in Resources */ = {isa = PBXBuildFile; fileRef = EB1BB9901C83A41700C873EE /* Assets.xcassets */; };
		EB1BB9941C83A41700C873EE /* LaunchScreen.storyboard in Resources */ = {isa = PBXBuildFile; fileRef = EB1BB9921C83A41700C873EE /* LaunchScreen.storyboard */; };
/* End PBXBuildFile section */

/* Begin PBXFileReference section */
		EB1BB9861C83A41700C873EE /* NQuiz.app */ = {isa = PBXFileReference; explicitFileType = wrapper.application; includeInIndex = 0; path = NQuiz.app; sourceTree = BUILT_PRODUCTS_DIR; };
		EB1BB9891C83A41700C873EE /* AppDelegate.swift */ = {isa = PBXFileReference; lastKnownFileType = sourcecode.swift; path = AppDelegate.swift; sourceTree = "<group>"; };
		EB1BB98B1C83A41700C873EE /* ViewController.swift */ = {isa = PBXFileReference; lastKnownFileType = sourcecode.swift; path = ViewController.swift; sourceTree = "<group>"; };
		EB1BB98E1C83A41700C873EE /* Base */ = {isa = PBXFileReference; lastKnownFileType = file.storyboard; name = Base; path = Base.lproj/Main.storyboard; sourceTree = "<group>"; };
		EB1BB9901C83A41700C873EE /* Assets.xcassets */ = {isa = PBXFileReference; lastKnownFileType = folder.assetcatalog; path = Assets.xcassets; sourceTree = "<group>"; };
		EB1BB9931C83A41700C873EE /* Base */ = {isa = PBXFileReference; lastKnownFileType = file.storyboard; name = Base; path = Base.lproj/LaunchScreen.storyboard; sourceTree = "<group>"; };
		EB1BB9951C83A41700C873EE /* Info.plist */ = {isa = PBXFileReference; lastKnownFileType = text.plist.xml; path = Info.plist; sourceTree = "<group>"; };
/* End PBXFileReference section */

/* Begin PBXFrameworksBuildPhase section */
		EB1BB9831C83A41700C873EE /* Frameworks */ = {
			isa = PBXFrameworksBuildPhase;
			buildActionMask = 2147483647;
			files = (
			);
			runOnlyForDeploymentPostprocessing = 0;
		};
/* End PBXFrameworksBuildPhase section */

/* Begin PBXGroup section */
		EB1BB97D1C83A41700C873EE = {
			isa = PBXGroup;
			children = (
				EB1BB9881C83A41700C873EE /* NQuiz */,
				EB1BB9871C83A41700C873EE /* Products */,
			);
			sourceTree = "<group>";
		};
		EB1BB9871C83A41700C873EE /* Products */ = {
			isa = PBXGroup;
			children = (
				EB1BB9861C83A41700C873EE /* NQuiz.app */,
			);
			name = Products;
			sourceTree = "<group>";
		};
		EB1BB9881C83A41700C873EE /* NQuiz */ = {
			isa = PBXGroup;
			children = (
				EB1BB9891C83A41700C873EE /* AppDelegate.swift */,
				EB1BB98B1C83A41700C873EE /* ViewController.swift */,
				EB1BB98D1C83A41700C873EE /* Main.storyboard */,
				EB1BB9901C83A41700C873EE /* Assets.xcassets */,
				EB1BB9921C83A41700C873EE /* LaunchScreen.storyboard */,
				EB1BB9951C83A41700C873EE /* Info.plist */,
			);
			path = NQuiz;
			sourceTree = "<group>";
		};
/* End PBXGroup section */

/* Begin PBXNativeTarget section */
		EB1BB9851C83A41700C873EE /* NQuiz */ = {
			isa = PBXNativeTarget;
			buildConfigurationList = EB1BB9981C83A41700C873EE /* Build configuration list for PBXNativeTarget "NQuiz" */;
			buildPhases = (
				EB1BB9821C83A41700C873EE /* Sources */,
				EB1BB9831C83A41700C873EE /* Frameworks */,
				EB1BB9841C83A41700C873EE /* Resources */,
			);
			buildRules = (
			);
			dependencies = (
			);
			name = NQuiz;
			productName = NQuiz;
			productReference = EB1BB9861C83A41700C873EE /* NQuiz.app */;
			productType = "com.apple.product-type.application";
		};
/* End PBXNativeTarget section */

/* Begin PBXProject section */
		EB1BB97E1C83A41700C873EE /* Project object */ = {
			isa = PBXProject;
			attributes = {
				LastSwiftUpdateCheck = 0720;
				LastUpgradeCheck = 0720;
				ORGANIZATIONNAME = "Emiliano Bivachi";
				TargetAttributes = {
					EB1BB9851C83A41700C873EE = {
						CreatedOnToolsVersion = 7.2.1;
					};
				};
			};
			buildConfigurationList = EB1BB9811C83A41700C873EE /* Build configuration list for PBXProject "NQuiz" */;
			compatibilityVersion = "Xcode 3.2";
			developmentRegion = English;
			hasScannedForEncodings = 0;
			knownRegions = (
				en,
				Base,
			);
			mainGroup = EB1BB97D1C83A41700C873EE;
			productRefGroup = EB1BB9871C83A41700C873EE /* Products */;
			projectDirPath = "";
			projectRoot = "";
			targets = (
				EB1BB9851C83A41700C873EE /* NQuiz */,
			);
		};
/* End PBXProject section */

/* Begin PBXResourcesBuildPhase section */
		EB1BB9841C83A41700C873EE /* Resources */ = {
			isa = PBXResourcesBuildPhase;
			buildActionMask = 2147483647;
			files = (
				EB1BB9941C83A41700C873EE /* LaunchScreen.storyboard in Resources */,
				EB1BB9911C83A41700C873EE /* Assets.xcassets in Resources */,
				EB1BB98F1C83A41700C873EE /* Main.storyboard in Resources */,
			);
			runOnlyForDeploymentPostprocessing = 0;
		};
/* End PBXResourcesBuildPhase section */

/* Begin PBXSourcesBuildPhase section */
		EB1BB9821C83A41700C873EE /* Sources */ = {
			isa = PBXSourcesBuildPhase;
			buildActionMask = 2147483647;
			files = (
				EB1BB98C1C83A41700C873EE /* ViewController.swift in Sources */,
				EB1BB98A1C83A41700C873EE /* AppDelegate.swift in Sources */,
			);
			runOnlyForDeploymentPostprocessing = 0;
		};
/* End PBXSourcesBuildPhase section */

/* Begin PBXVariantGroup section */
		EB1BB98D1C83A41700C873EE /* Main.storyboard */ = {
			isa = PBXVariantGroup;
			children = (
				EB1BB98E1C83A41700C873EE /* Base */,
			);
			name = Main.storyboard;
			sourceTree = "<group>";
		};
		EB1BB9921C83A41700C873EE /* LaunchScreen.storyboard */ = {
			isa = PBXVariantGroup;
			children = (
				EB1BB9931C83A41700C873EE /* Base */,
			);
			name = LaunchScreen.storyboard;
			sourceTree = "<group>";
		};
/* End PBXVariantGroup section */

/* Begin XCBuildConfiguration section */
		EB1BB9961C83A41700C873EE /* Debug */ = {
			isa = XCBuildConfiguration;
			buildSettings = {
				ALWAYS_SEARCH_USER_PATHS = NO;
				CLANG_CXX_LANGUAGE_STANDARD = "gnu++0x";
				CLANG_CXX_LIBRARY = "libc++";
				CLANG_ENABLE_MODULES = YES;
				CLANG_ENABLE_OBJC_ARC = YES;
				CLANG_WARN_BOOL_CONVERSION = YES;
				CLANG_WARN_CONSTANT_CONVERSION = YES;
				CLANG_WARN_DIRECT_OBJC_ISA_USAGE = YES_ERROR;
				CLANG_WARN_EMPTY_BODY = YES;
				CLANG_WARN_ENUM_CONVERSION = YES;
				CLANG_WARN_INT_CONVERSION = YES;
				CLANG_WARN_OBJC_ROOT_CLASS = YES_ERROR;
				CLANG_WARN_UNREACHABLE_CODE = YES;
				CLANG_WARN__DUPLICATE_METHOD_MATCH = YES;
				"CODE_SIGN_IDENTITY[sdk=iphoneos*]" = "iPhone Developer";
				COPY_PHASE_STRIP = NO;
				DEBUG_INFORMATION_FORMAT = dwarf;
				ENABLE_STRICT_OBJC_MSGSEND = YES;
				ENABLE_TESTABILITY = YES;
				GCC_C_LANGUAGE_STANDARD = gnu99;
				GCC_DYNAMIC_NO_PIC = NO;
				GCC_NO_COMMON_BLOCKS = YES;
				GCC_OPTIMIZATION_LEVEL = 0;
				GCC_PREPROCESSOR_DEFINITIONS = (
					"DEBUG=1",
					"$(inherited)",
				);
				GCC_WARN_64_TO_32_BIT_CONVERSION = YES;
				GCC_WARN_ABOUT_RETURN_TYPE = YES_ERROR;
				GCC_WARN_UNDECLARED_SELECTOR = YES;
				GCC_WARN_UNINITIALIZED_AUTOS = YES_AGGRESSIVE;
				GCC_WARN_UNUSED_FUNCTION = YES;
				GCC_WARN_UNUSED_VARIABLE = YES;
				IPHONEOS_DEPLOYMENT_TARGET = 9.2;
				MTL_ENABLE_DEBUG_INFO = YES;
				ONLY_ACTIVE_ARCH = YES;
				SDKROOT = iphoneos;
				SWIFT_OPTIMIZATION_LEVEL = "-Onone";
				TARGETED_DEVICE_FAMILY = 2;
			};
			name = Debug;
		};
		EB1BB9971C83A41700C873EE /* Release */ = {
			isa = XCBuildConfiguration;
			buildSettings = {
				ALWAYS_SEARCH_USER_PATHS = NO;
				CLANG_CXX_LANGUAGE_STANDARD = "gnu++0x";
				CLANG_CXX_LIBRARY = "libc++";
				CLANG_ENABLE_MODULES = YES;
				CLANG_ENABLE_OBJC_ARC = YES;
				CLANG_WARN_BOOL_CONVERSION = YES;
				CLANG_WARN_CONSTANT_CONVERSION = YES;
				CLANG_WARN_DIRECT_OBJC_ISA_USAGE = YES_ERROR;
				CLANG_WARN_EMPTY_BODY = YES;
				CLANG_WARN_ENUM_CONVERSION = YES;
				CLANG_WARN_INT_CONVERSION = YES;
				CLANG_WARN_OBJC_ROOT_CLASS = YES_ERROR;
				CLANG_WARN_UNREACHABLE_CODE = YES;
				CLANG_WARN__DUPLICATE_METHOD_MATCH = YES;
				"CODE_SIGN_IDENTITY[sdk=iphoneos*]" = "iPhone Developer";
				COPY_PHASE_STRIP = NO;
				DEBUG_INFORMATION_FORMAT = "dwarf-with-dsym";
				ENABLE_NS_ASSERTIONS = NO;
				ENABLE_STRICT_OBJC_MSGSEND = YES;
				GCC_C_LANGUAGE_STANDARD = gnu99;
				GCC_NO_COMMON_BLOCKS = YES;
				GCC_WARN_64_TO_32_BIT_CONVERSION = YES;
				GCC_WARN_ABOUT_RETURN_TYPE = YES_ERROR;
				GCC_WARN_UNDECLARED_SELECTOR = YES;
				GCC_WARN_UNINITIALIZED_AUTOS = YES_AGGRESSIVE;
				GCC_WARN_UNUSED_FUNCTION = YES;
				GCC_WARN_UNUSED_VARIABLE = YES;
				IPHONEOS_DEPLOYMENT_TARGET = 9.2;
				MTL_ENABLE_DEBUG_INFO = NO;
				SDKROOT = iphoneos;
				TARGETED_DEVICE_FAMILY = 2;
				VALIDATE_PRODUCT = YES;
			};
			name = Release;
		};
		EB1BB9991C83A41700C873EE /* Debug */ = {
			isa = XCBuildConfiguration;
			buildSettings = {
				ASSETCATALOG_COMPILER_APPICON_NAME = AppIcon;
				INFOPLIST_FILE = NQuiz/Info.plist;
				LD_RUNPATH_SEARCH_PATHS = "$(inherited) @executable_path/Frameworks";
				PRODUCT_BUNDLE_IDENTIFIER = com.BaxLabs.NQuiz;
				PRODUCT_NAME = "$(TARGET_NAME)";
			};
			name = Debug;
		};
		EB1BB99A1C83A41700C873EE /* Release */ = {
			isa = XCBuildConfiguration;
			buildSettings = {
				ASSETCATALOG_COMPILER_APPICON_NAME = AppIcon;
				INFOPLIST_FILE = NQuiz/Info.plist;
				LD_RUNPATH_SEARCH_PATHS = "$(inherited) @executable_path/Frameworks";
				PRODUCT_BUNDLE_IDENTIFIER = com.BaxLabs.NQuiz;
				PRODUCT_NAME = "$(TARGET_NAME)";
			};
			name = Release;
		};
/* End XCBuildConfiguration section */

/* Begin XCConfigurationList section */
		EB1BB9811C83A41700C873EE /* Build configuration list for PBXProject "NQuiz" */ = {
			isa = XCConfigurationList;
			buildConfigurations = (
				EB1BB9961C83A41700C873EE /* Debug */,
				EB1BB9971C83A41700C873EE /* Release */,
			);
			defaultConfigurationIsVisible = 0;
			defaultConfigurationName = Release;
		};
		EB1BB9981C83A41700C873EE /* Build configuration list for PBXNativeTarget "NQuiz" */ = {
			isa = XCConfigurationList;
			buildConfigurations = (
				EB1BB9991C83A41700C873EE /* Debug */,
				EB1BB99A1C83A41700C873EE /* Release */,
			);
			defaultConfigurationIsVisible = 0;
		};
/* End XCConfigurationList section */
	};
	rootObject = EB1BB97E1C83A41700C873EE /* Project object */;
}
